
Microsoft Visual Studio Solution File, Format Version 12.00
# Visual Studio 15
VisualStudioVersion = 15.0.28010.2019
MinimumVisualStudioVersion = 10.0.40219.1
Project("{9A19103F-16F7-4668-BE54-9A1E7A4F7556}") = "Notionpad", "Notionpad\Notionpad.csproj", "{3804B737-E380-496B-AE3A-7EEA10591BF5}"
EndProject
Project("{2150E333-8FDC-42A3-9474-1A3956D46DE8}") = "Tests", "Tests", "{B335541D-1C4B-4D30-8969-4E81D5A70A34}"
EndProject
Project("{9A19103F-16F7-4668-BE54-9A1E7A4F7556}") = "Notionpad.UnitTests", "Tests\Notionpad.UnitTests\Notionpad.UnitTests.csproj", "{B30E250E-4B1E-48D8-9A6F-F3FE18AC74E2}"
EndProject
Project("{2150E333-8FDC-42A3-9474-1A3956D46DE8}") = "Solution Items", "Solution Items", "{797EA39B-0F97-447E-A9D3-2F0E91AFD361}"
	ProjectSection(SolutionItems) = preProject
		.travis.yml = .travis.yml
	EndProjectSection
EndProject
Global
	GlobalSection(SolutionConfigurationPlatforms) = preSolution
		Debug|Any CPU = Debug|Any CPU
		Release|Any CPU = Release|Any CPU
	EndGlobalSection
	GlobalSection(ProjectConfigurationPlatforms) = postSolution
		{3804B737-E380-496B-AE3A-7EEA10591BF5}.Debug|Any CPU.ActiveCfg = Debug|Any CPU
		{3804B737-E380-496B-AE3A-7EEA10591BF5}.Debug|Any CPU.Build.0 = Debug|Any CPU
		{3804B737-E380-496B-AE3A-7EEA10591BF5}.Release|Any CPU.ActiveCfg = Release|Any CPU
		{3804B737-E380-496B-AE3A-7EEA10591BF5}.Release|Any CPU.Build.0 = Release|Any CPU
		{B30E250E-4B1E-48D8-9A6F-F3FE18AC74E2}.Debug|Any CPU.ActiveCfg = Debug|Any CPU
		{B30E250E-4B1E-48D8-9A6F-F3FE18AC74E2}.Debug|Any CPU.Build.0 = Debug|Any CPU
		{B30E250E-4B1E-48D8-9A6F-F3FE18AC74E2}.Release|Any CPU.ActiveCfg = Release|Any CPU
		{B30E250E-4B1E-48D8-9A6F-F3FE18AC74E2}.Release|Any CPU.Build.0 = Release|Any CPU
	EndGlobalSection
	GlobalSection(SolutionProperties) = preSolution
		HideSolutionNode = FALSE
	EndGlobalSection
	GlobalSection(NestedProjects) = preSolution
		{B30E250E-4B1E-48D8-9A6F-F3FE18AC74E2} = {B335541D-1C4B-4D30-8969-4E81D5A70A34}
	EndGlobalSection
	GlobalSection(ExtensibilityGlobals) = postSolution
		SolutionGuid = {918C8304-8572-4152-BD11-306AE103A4DD}
	EndGlobalSection
EndGlobal
